// !$*UTF8*$!
{
	archiveVersion = 1;
	classes = {
	};
	objectVersion = 50;
	objects = {

/* Begin PBXBuildFile section */
		2A4FC65F18FD560B62071C21 /* Pods_midnight_cat_mac.framework in Frameworks */ = {isa = PBXBuildFile; fileRef = A7E3CBF9020FB087239EADA0 /* Pods_midnight_cat_mac.framework */; };
		DD049DF621C4964B007E2DE6 /* AppDelegate.swift in Sources */ = {isa = PBXBuildFile; fileRef = DD049DF521C4964B007E2DE6 /* AppDelegate.swift */; };
		DD049DFA21C4964C007E2DE6 /* Assets.xcassets in Resources */ = {isa = PBXBuildFile; fileRef = DD049DF921C4964C007E2DE6 /* Assets.xcassets */; };
		DD049DFD21C4964C007E2DE6 /* Main.storyboard in Resources */ = {isa = PBXBuildFile; fileRef = DD049DFB21C4964C007E2DE6 /* Main.storyboard */; };
		DD442E1521D25A8B007E4325 /* LoggedOutViewController.swift in Sources */ = {isa = PBXBuildFile; fileRef = DD442E1321D25A8B007E4325 /* LoggedOutViewController.swift */; };
		DD442E1621D25A8B007E4325 /* LoggedOutViewController.xib in Resources */ = {isa = PBXBuildFile; fileRef = DD442E1421D25A8B007E4325 /* LoggedOutViewController.xib */; };
		DD442E1821D25BFA007E4325 /* MainWindowController.swift in Sources */ = {isa = PBXBuildFile; fileRef = DD442E1721D25BFA007E4325 /* MainWindowController.swift */; };
		DD442E3821D26410007E4325 /* OauthApplicationDetailsViewController.swift in Sources */ = {isa = PBXBuildFile; fileRef = DD442E3621D26410007E4325 /* OauthApplicationDetailsViewController.swift */; };
		DD442E3921D26410007E4325 /* OauthApplicationDetailsViewController.xib in Resources */ = {isa = PBXBuildFile; fileRef = DD442E3721D26410007E4325 /* OauthApplicationDetailsViewController.xib */; };
		DD442E4221D4B14F007E4325 /* midnight_cat_macTests.swift in Sources */ = {isa = PBXBuildFile; fileRef = DD442E4121D4B14F007E4325 /* midnight_cat_macTests.swift */; };
/* End PBXBuildFile section */

/* Begin PBXContainerItemProxy section */
		DD442E4421D4B14F007E4325 /* PBXContainerItemProxy */ = {
			isa = PBXContainerItemProxy;
			containerPortal = DD049DEA21C4964B007E2DE6 /* Project object */;
			proxyType = 1;
			remoteGlobalIDString = DD049DF121C4964B007E2DE6;
			remoteInfo = "midnight-cat-mac";
		};
/* End PBXContainerItemProxy section */

/* Begin PBXFileReference section */
		4FE61035D19B0F2EFC8607D4 /* Pods-midnight-cat-mac.release.xcconfig */ = {isa = PBXFileReference; includeInIndex = 1; lastKnownFileType = text.xcconfig; name = "Pods-midnight-cat-mac.release.xcconfig"; path = "Pods/Target Support Files/Pods-midnight-cat-mac/Pods-midnight-cat-mac.release.xcconfig"; sourceTree = "<group>"; };
		A7E3CBF9020FB087239EADA0 /* Pods_midnight_cat_mac.framework */ = {isa = PBXFileReference; explicitFileType = wrapper.framework; includeInIndex = 0; path = Pods_midnight_cat_mac.framework; sourceTree = BUILT_PRODUCTS_DIR; };
		AED4F73B9F0F103CB34B112C /* Pods-midnight-cat-mac.debug.xcconfig */ = {isa = PBXFileReference; includeInIndex = 1; lastKnownFileType = text.xcconfig; name = "Pods-midnight-cat-mac.debug.xcconfig"; path = "Pods/Target Support Files/Pods-midnight-cat-mac/Pods-midnight-cat-mac.debug.xcconfig"; sourceTree = "<group>"; };
		DD049DF221C4964B007E2DE6 /* midnight-cat-mac.app */ = {isa = PBXFileReference; explicitFileType = wrapper.application; includeInIndex = 0; path = "midnight-cat-mac.app"; sourceTree = BUILT_PRODUCTS_DIR; };
		DD049DF521C4964B007E2DE6 /* AppDelegate.swift */ = {isa = PBXFileReference; lastKnownFileType = sourcecode.swift; path = AppDelegate.swift; sourceTree = "<group>"; };
		DD049DF921C4964C007E2DE6 /* Assets.xcassets */ = {isa = PBXFileReference; lastKnownFileType = folder.assetcatalog; path = Assets.xcassets; sourceTree = "<group>"; };
		DD049DFC21C4964C007E2DE6 /* Base */ = {isa = PBXFileReference; lastKnownFileType = file.storyboard; name = Base; path = Base.lproj/Main.storyboard; sourceTree = "<group>"; };
		DD049DFE21C4964C007E2DE6 /* Info.plist */ = {isa = PBXFileReference; lastKnownFileType = text.plist.xml; path = Info.plist; sourceTree = "<group>"; };
		DD049DFF21C4964C007E2DE6 /* midnight_cat_mac.entitlements */ = {isa = PBXFileReference; lastKnownFileType = text.plist.entitlements; path = midnight_cat_mac.entitlements; sourceTree = "<group>"; };
		DD442E1321D25A8B007E4325 /* LoggedOutViewController.swift */ = {isa = PBXFileReference; lastKnownFileType = sourcecode.swift; path = LoggedOutViewController.swift; sourceTree = "<group>"; };
		DD442E1421D25A8B007E4325 /* LoggedOutViewController.xib */ = {isa = PBXFileReference; lastKnownFileType = file.xib; path = LoggedOutViewController.xib; sourceTree = "<group>"; };
		DD442E1721D25BFA007E4325 /* MainWindowController.swift */ = {isa = PBXFileReference; lastKnownFileType = sourcecode.swift; path = MainWindowController.swift; sourceTree = "<group>"; };
		DD442E3621D26410007E4325 /* OauthApplicationDetailsViewController.swift */ = {isa = PBXFileReference; lastKnownFileType = sourcecode.swift; path = OauthApplicationDetailsViewController.swift; sourceTree = "<group>"; };
		DD442E3721D26410007E4325 /* OauthApplicationDetailsViewController.xib */ = {isa = PBXFileReference; lastKnownFileType = file.xib; path = OauthApplicationDetailsViewController.xib; sourceTree = "<group>"; };
		DD442E3F21D4B14F007E4325 /* midnight-cat-macTests.xctest */ = {isa = PBXFileReference; explicitFileType = wrapper.cfbundle; includeInIndex = 0; path = "midnight-cat-macTests.xctest"; sourceTree = BUILT_PRODUCTS_DIR; };
		DD442E4121D4B14F007E4325 /* midnight_cat_macTests.swift */ = {isa = PBXFileReference; lastKnownFileType = sourcecode.swift; path = midnight_cat_macTests.swift; sourceTree = "<group>"; };
		DD442E4321D4B14F007E4325 /* Info.plist */ = {isa = PBXFileReference; lastKnownFileType = text.plist.xml; path = Info.plist; sourceTree = "<group>"; };
/* End PBXFileReference section */

/* Begin PBXFrameworksBuildPhase section */
		DD049DEF21C4964B007E2DE6 /* Frameworks */ = {
			isa = PBXFrameworksBuildPhase;
			buildActionMask = 2147483647;
			files = (
				2A4FC65F18FD560B62071C21 /* Pods_midnight_cat_mac.framework in Frameworks */,
			);
			runOnlyForDeploymentPostprocessing = 0;
		};
		DD442E3C21D4B14F007E4325 /* Frameworks */ = {
			isa = PBXFrameworksBuildPhase;
			buildActionMask = 2147483647;
			files = (
			);
			runOnlyForDeploymentPostprocessing = 0;
		};
/* End PBXFrameworksBuildPhase section */

/* Begin PBXGroup section */
		B39951A5DDA00A49178692AB /* Pods */ = {
			isa = PBXGroup;
			children = (
				AED4F73B9F0F103CB34B112C /* Pods-midnight-cat-mac.debug.xcconfig */,
				4FE61035D19B0F2EFC8607D4 /* Pods-midnight-cat-mac.release.xcconfig */,
			);
			name = Pods;
			sourceTree = "<group>";
		};
		D1A1111ED2C12EBBB1851741 /* Frameworks */ = {
			isa = PBXGroup;
			children = (
				A7E3CBF9020FB087239EADA0 /* Pods_midnight_cat_mac.framework */,
			);
			name = Frameworks;
			sourceTree = "<group>";
		};
		DD049DE921C4964B007E2DE6 = {
			isa = PBXGroup;
			children = (
				DD049DF421C4964B007E2DE6 /* midnight-cat-mac */,
				DD442E4021D4B14F007E4325 /* midnight-cat-macTests */,
				DD049DF321C4964B007E2DE6 /* Products */,
				B39951A5DDA00A49178692AB /* Pods */,
				D1A1111ED2C12EBBB1851741 /* Frameworks */,
			);
			sourceTree = "<group>";
		};
		DD049DF321C4964B007E2DE6 /* Products */ = {
			isa = PBXGroup;
			children = (
				DD049DF221C4964B007E2DE6 /* midnight-cat-mac.app */,
				DD442E3F21D4B14F007E4325 /* midnight-cat-macTests.xctest */,
			);
			name = Products;
			sourceTree = "<group>";
		};
		DD049DF421C4964B007E2DE6 /* midnight-cat-mac */ = {
			isa = PBXGroup;
			children = (
				DD442E3521D263DE007E4325 /* Onboarding */,
				DD442E1221D25A38007E4325 /* MainWindow */,
				DD049DF521C4964B007E2DE6 /* AppDelegate.swift */,
				DD049DF921C4964C007E2DE6 /* Assets.xcassets */,
				DD049DFB21C4964C007E2DE6 /* Main.storyboard */,
				DD049DFE21C4964C007E2DE6 /* Info.plist */,
				DD049DFF21C4964C007E2DE6 /* midnight_cat_mac.entitlements */,
			);
			path = "midnight-cat-mac";
			sourceTree = "<group>";
		};
		DD442E1221D25A38007E4325 /* MainWindow */ = {
			isa = PBXGroup;
			children = (
				DD442E1721D25BFA007E4325 /* MainWindowController.swift */,
			);
			path = MainWindow;
			sourceTree = "<group>";
		};
		DD442E3521D263DE007E4325 /* Onboarding */ = {
			isa = PBXGroup;
			children = (
				DD442E1321D25A8B007E4325 /* LoggedOutViewController.swift */,
				DD442E1421D25A8B007E4325 /* LoggedOutViewController.xib */,
				DD442E3621D26410007E4325 /* OauthApplicationDetailsViewController.swift */,
				DD442E3721D26410007E4325 /* OauthApplicationDetailsViewController.xib */,
			);
			path = Onboarding;
			sourceTree = "<group>";
		};
		DD442E4021D4B14F007E4325 /* midnight-cat-macTests */ = {
			isa = PBXGroup;
			children = (
				DD442E4121D4B14F007E4325 /* midnight_cat_macTests.swift */,
				DD442E4321D4B14F007E4325 /* Info.plist */,
			);
			path = "midnight-cat-macTests";
			sourceTree = "<group>";
		};
/* End PBXGroup section */

/* Begin PBXNativeTarget section */
		DD049DF121C4964B007E2DE6 /* midnight-cat-mac */ = {
			isa = PBXNativeTarget;
			buildConfigurationList = DD049E0221C4964C007E2DE6 /* Build configuration list for PBXNativeTarget "midnight-cat-mac" */;
			buildPhases = (
				4748440DB67DB8E54DB8468E /* [CP] Check Pods Manifest.lock */,
				DD049DEE21C4964B007E2DE6 /* Sources */,
				DD049DEF21C4964B007E2DE6 /* Frameworks */,
				DD049DF021C4964B007E2DE6 /* Resources */,
				AED8BD5EE85B13E3F51FBB5A /* [CP] Embed Pods Frameworks */,
			);
			buildRules = (
			);
			dependencies = (
			);
			name = "midnight-cat-mac";
			productName = "midnight-cat-mac";
			productReference = DD049DF221C4964B007E2DE6 /* midnight-cat-mac.app */;
			productType = "com.apple.product-type.application";
		};
		DD442E3E21D4B14F007E4325 /* midnight-cat-macTests */ = {
			isa = PBXNativeTarget;
			buildConfigurationList = DD442E4621D4B14F007E4325 /* Build configuration list for PBXNativeTarget "midnight-cat-macTests" */;
			buildPhases = (
				DD442E3B21D4B14F007E4325 /* Sources */,
				DD442E3C21D4B14F007E4325 /* Frameworks */,
				DD442E3D21D4B14F007E4325 /* Resources */,
			);
			buildRules = (
			);
			dependencies = (
				DD442E4521D4B14F007E4325 /* PBXTargetDependency */,
			);
			name = "midnight-cat-macTests";
			productName = "midnight-cat-macTests";
			productReference = DD442E3F21D4B14F007E4325 /* midnight-cat-macTests.xctest */;
			productType = "com.apple.product-type.bundle.unit-test";
		};
/* End PBXNativeTarget section */

/* Begin PBXProject section */
		DD049DEA21C4964B007E2DE6 /* Project object */ = {
			isa = PBXProject;
			attributes = {
				LastSwiftUpdateCheck = 1010;
				LastUpgradeCheck = 1010;
				ORGANIZATIONNAME = "REA-Group";
				TargetAttributes = {
					DD049DF121C4964B007E2DE6 = {
						CreatedOnToolsVersion = 10.1;
					};
					DD442E3E21D4B14F007E4325 = {
						CreatedOnToolsVersion = 10.1;
						TestTargetID = DD049DF121C4964B007E2DE6;
					};
				};
			};
			buildConfigurationList = DD049DED21C4964B007E2DE6 /* Build configuration list for PBXProject "midnight-cat-mac" */;
			compatibilityVersion = "Xcode 9.3";
			developmentRegion = en;
			hasScannedForEncodings = 0;
			knownRegions = (
				en,
				Base,
			);
			mainGroup = DD049DE921C4964B007E2DE6;
			productRefGroup = DD049DF321C4964B007E2DE6 /* Products */;
			projectDirPath = "";
			projectRoot = "";
			targets = (
				DD049DF121C4964B007E2DE6 /* midnight-cat-mac */,
				DD442E3E21D4B14F007E4325 /* midnight-cat-macTests */,
			);
		};
/* End PBXProject section */

/* Begin PBXResourcesBuildPhase section */
		DD049DF021C4964B007E2DE6 /* Resources */ = {
			isa = PBXResourcesBuildPhase;
			buildActionMask = 2147483647;
			files = (
				DD049DFA21C4964C007E2DE6 /* Assets.xcassets in Resources */,
				DD442E3921D26410007E4325 /* OauthApplicationDetailsViewController.xib in Resources */,
				DD442E1621D25A8B007E4325 /* LoggedOutViewController.xib in Resources */,
				DD049DFD21C4964C007E2DE6 /* Main.storyboard in Resources */,
			);
			runOnlyForDeploymentPostprocessing = 0;
		};
		DD442E3D21D4B14F007E4325 /* Resources */ = {
			isa = PBXResourcesBuildPhase;
			buildActionMask = 2147483647;
			files = (
			);
			runOnlyForDeploymentPostprocessing = 0;
		};
/* End PBXResourcesBuildPhase section */

/* Begin PBXShellScriptBuildPhase section */
		4748440DB67DB8E54DB8468E /* [CP] Check Pods Manifest.lock */ = {
			isa = PBXShellScriptBuildPhase;
			buildActionMask = 2147483647;
			files = (
			);
			inputPaths = (
				"${PODS_PODFILE_DIR_PATH}/Podfile.lock",
				"${PODS_ROOT}/Manifest.lock",
			);
			name = "[CP] Check Pods Manifest.lock";
			outputPaths = (
				"$(DERIVED_FILE_DIR)/Pods-midnight-cat-mac-checkManifestLockResult.txt",
			);
			runOnlyForDeploymentPostprocessing = 0;
			shellPath = /bin/sh;
			shellScript = "diff \"${PODS_PODFILE_DIR_PATH}/Podfile.lock\" \"${PODS_ROOT}/Manifest.lock\" > /dev/null\nif [ $? != 0 ] ; then\n    # print error to STDERR\n    echo \"error: The sandbox is not in sync with the Podfile.lock. Run 'pod install' or update your CocoaPods installation.\" >&2\n    exit 1\nfi\n# This output is used by Xcode 'outputs' to avoid re-running this script phase.\necho \"SUCCESS\" > \"${SCRIPT_OUTPUT_FILE_0}\"\n";
			showEnvVarsInLog = 0;
		};
		AED8BD5EE85B13E3F51FBB5A /* [CP] Embed Pods Frameworks */ = {
			isa = PBXShellScriptBuildPhase;
			buildActionMask = 2147483647;
			files = (
			);
			inputPaths = (
				"${PODS_ROOT}/Target Support Files/Pods-midnight-cat-mac/Pods-midnight-cat-mac-frameworks.sh",
				"${BUILT_PRODUCTS_DIR}/NBNRequestKit/RequestKit.framework",
				"${BUILT_PRODUCTS_DIR}/OctoKit.swift/Octokit.framework",
			);
			name = "[CP] Embed Pods Frameworks";
			outputPaths = (
				"${TARGET_BUILD_DIR}/${FRAMEWORKS_FOLDER_PATH}/RequestKit.framework",
				"${TARGET_BUILD_DIR}/${FRAMEWORKS_FOLDER_PATH}/Octokit.framework",
			);
			runOnlyForDeploymentPostprocessing = 0;
			shellPath = /bin/sh;
			shellScript = "\"${PODS_ROOT}/Target Support Files/Pods-midnight-cat-mac/Pods-midnight-cat-mac-frameworks.sh\"\n";
			showEnvVarsInLog = 0;
		};
/* End PBXShellScriptBuildPhase section */

/* Begin PBXSourcesBuildPhase section */
		DD049DEE21C4964B007E2DE6 /* Sources */ = {
			isa = PBXSourcesBuildPhase;
			buildActionMask = 2147483647;
			files = (
				DD049DF621C4964B007E2DE6 /* AppDelegate.swift in Sources */,
				DD442E1821D25BFA007E4325 /* MainWindowController.swift in Sources */,
				DD442E3821D26410007E4325 /* OauthApplicationDetailsViewController.swift in Sources */,
				DD442E1521D25A8B007E4325 /* LoggedOutViewController.swift in Sources */,
			);
			runOnlyForDeploymentPostprocessing = 0;
		};
		DD442E3B21D4B14F007E4325 /* Sources */ = {
			isa = PBXSourcesBuildPhase;
			buildActionMask = 2147483647;
			files = (
				DD442E4221D4B14F007E4325 /* midnight_cat_macTests.swift in Sources */,
			);
			runOnlyForDeploymentPostprocessing = 0;
		};
/* End PBXSourcesBuildPhase section */

/* Begin PBXTargetDependency section */
		DD442E4521D4B14F007E4325 /* PBXTargetDependency */ = {
			isa = PBXTargetDependency;
			target = DD049DF121C4964B007E2DE6 /* midnight-cat-mac */;
			targetProxy = DD442E4421D4B14F007E4325 /* PBXContainerItemProxy */;
		};
/* End PBXTargetDependency section */

/* Begin PBXVariantGroup section */
		DD049DFB21C4964C007E2DE6 /* Main.storyboard */ = {
			isa = PBXVariantGroup;
			children = (
				DD049DFC21C4964C007E2DE6 /* Base */,
			);
			name = Main.storyboard;
			sourceTree = "<group>";
		};
/* End PBXVariantGroup section */

/* Begin XCBuildConfiguration section */
		DD049E0021C4964C007E2DE6 /* Debug */ = {
			isa = XCBuildConfiguration;
			buildSettings = {
				ALWAYS_SEARCH_USER_PATHS = NO;
				CLANG_ANALYZER_NONNULL = YES;
				CLANG_ANALYZER_NUMBER_OBJECT_CONVERSION = YES_AGGRESSIVE;
				CLANG_CXX_LANGUAGE_STANDARD = "gnu++14";
				CLANG_CXX_LIBRARY = "libc++";
				CLANG_ENABLE_MODULES = YES;
				CLANG_ENABLE_OBJC_ARC = YES;
				CLANG_ENABLE_OBJC_WEAK = YES;
				CLANG_WARN_BLOCK_CAPTURE_AUTORELEASING = YES;
				CLANG_WARN_BOOL_CONVERSION = YES;
				CLANG_WARN_COMMA = YES;
				CLANG_WARN_CONSTANT_CONVERSION = YES;
				CLANG_WARN_DEPRECATED_OBJC_IMPLEMENTATIONS = YES;
				CLANG_WARN_DIRECT_OBJC_ISA_USAGE = YES_ERROR;
				CLANG_WARN_DOCUMENTATION_COMMENTS = YES;
				CLANG_WARN_EMPTY_BODY = YES;
				CLANG_WARN_ENUM_CONVERSION = YES;
				CLANG_WARN_INFINITE_RECURSION = YES;
				CLANG_WARN_INT_CONVERSION = YES;
				CLANG_WARN_NON_LITERAL_NULL_CONVERSION = YES;
				CLANG_WARN_OBJC_IMPLICIT_RETAIN_SELF = YES;
				CLANG_WARN_OBJC_LITERAL_CONVERSION = YES;
				CLANG_WARN_OBJC_ROOT_CLASS = YES_ERROR;
				CLANG_WARN_RANGE_LOOP_ANALYSIS = YES;
				CLANG_WARN_STRICT_PROTOTYPES = YES;
				CLANG_WARN_SUSPICIOUS_MOVE = YES;
				CLANG_WARN_UNGUARDED_AVAILABILITY = YES_AGGRESSIVE;
				CLANG_WARN_UNREACHABLE_CODE = YES;
				CLANG_WARN__DUPLICATE_METHOD_MATCH = YES;
				CODE_SIGN_IDENTITY = "Mac Developer";
				COPY_PHASE_STRIP = NO;
				DEBUG_INFORMATION_FORMAT = dwarf;
				ENABLE_STRICT_OBJC_MSGSEND = YES;
				ENABLE_TESTABILITY = YES;
				GCC_C_LANGUAGE_STANDARD = gnu11;
				GCC_DYNAMIC_NO_PIC = NO;
				GCC_NO_COMMON_BLOCKS = YES;
				GCC_OPTIMIZATION_LEVEL = 0;
				GCC_PREPROCESSOR_DEFINITIONS = (
					"DEBUG=1",
					"$(inherited)",
				);
				GCC_WARN_64_TO_32_BIT_CONVERSION = YES;
				GCC_WARN_ABOUT_RETURN_TYPE = YES_ERROR;
				GCC_WARN_UNDECLARED_SELECTOR = YES;
				GCC_WARN_UNINITIALIZED_AUTOS = YES_AGGRESSIVE;
				GCC_WARN_UNUSED_FUNCTION = YES;
				GCC_WARN_UNUSED_VARIABLE = YES;
				MACOSX_DEPLOYMENT_TARGET = 10.14;
				MTL_ENABLE_DEBUG_INFO = INCLUDE_SOURCE;
				MTL_FAST_MATH = YES;
				ONLY_ACTIVE_ARCH = YES;
				SDKROOT = macosx;
				SWIFT_ACTIVE_COMPILATION_CONDITIONS = DEBUG;
				SWIFT_OPTIMIZATION_LEVEL = "-Onone";
			};
			name = Debug;
		};
		DD049E0121C4964C007E2DE6 /* Release */ = {
			isa = XCBuildConfiguration;
			buildSettings = {
				ALWAYS_SEARCH_USER_PATHS = NO;
				CLANG_ANALYZER_NONNULL = YES;
				CLANG_ANALYZER_NUMBER_OBJECT_CONVERSION = YES_AGGRESSIVE;
				CLANG_CXX_LANGUAGE_STANDARD = "gnu++14";
				CLANG_CXX_LIBRARY = "libc++";
				CLANG_ENABLE_MODULES = YES;
				CLANG_ENABLE_OBJC_ARC = YES;
				CLANG_ENABLE_OBJC_WEAK = YES;
				CLANG_WARN_BLOCK_CAPTURE_AUTORELEASING = YES;
				CLANG_WARN_BOOL_CONVERSION = YES;
				CLANG_WARN_COMMA = YES;
				CLANG_WARN_CONSTANT_CONVERSION = YES;
				CLANG_WARN_DEPRECATED_OBJC_IMPLEMENTATIONS = YES;
				CLANG_WARN_DIRECT_OBJC_ISA_USAGE = YES_ERROR;
				CLANG_WARN_DOCUMENTATION_COMMENTS = YES;
				CLANG_WARN_EMPTY_BODY = YES;
				CLANG_WARN_ENUM_CONVERSION = YES;
				CLANG_WARN_INFINITE_RECURSION = YES;
				CLANG_WARN_INT_CONVERSION = YES;
				CLANG_WARN_NON_LITERAL_NULL_CONVERSION = YES;
				CLANG_WARN_OBJC_IMPLICIT_RETAIN_SELF = YES;
				CLANG_WARN_OBJC_LITERAL_CONVERSION = YES;
				CLANG_WARN_OBJC_ROOT_CLASS = YES_ERROR;
				CLANG_WARN_RANGE_LOOP_ANALYSIS = YES;
				CLANG_WARN_STRICT_PROTOTYPES = YES;
				CLANG_WARN_SUSPICIOUS_MOVE = YES;
				CLANG_WARN_UNGUARDED_AVAILABILITY = YES_AGGRESSIVE;
				CLANG_WARN_UNREACHABLE_CODE = YES;
				CLANG_WARN__DUPLICATE_METHOD_MATCH = YES;
				CODE_SIGN_IDENTITY = "Mac Developer";
				COPY_PHASE_STRIP = NO;
				DEBUG_INFORMATION_FORMAT = "dwarf-with-dsym";
				ENABLE_NS_ASSERTIONS = NO;
				ENABLE_STRICT_OBJC_MSGSEND = YES;
				GCC_C_LANGUAGE_STANDARD = gnu11;
				GCC_NO_COMMON_BLOCKS = YES;
				GCC_WARN_64_TO_32_BIT_CONVERSION = YES;
				GCC_WARN_ABOUT_RETURN_TYPE = YES_ERROR;
				GCC_WARN_UNDECLARED_SELECTOR = YES;
				GCC_WARN_UNINITIALIZED_AUTOS = YES_AGGRESSIVE;
				GCC_WARN_UNUSED_FUNCTION = YES;
				GCC_WARN_UNUSED_VARIABLE = YES;
				MACOSX_DEPLOYMENT_TARGET = 10.14;
				MTL_ENABLE_DEBUG_INFO = NO;
				MTL_FAST_MATH = YES;
				SDKROOT = macosx;
				SWIFT_COMPILATION_MODE = wholemodule;
				SWIFT_OPTIMIZATION_LEVEL = "-O";
			};
			name = Release;
		};
		DD049E0321C4964C007E2DE6 /* Debug */ = {
			isa = XCBuildConfiguration;
			baseConfigurationReference = AED4F73B9F0F103CB34B112C /* Pods-midnight-cat-mac.debug.xcconfig */;
			buildSettings = {
				ASSETCATALOG_COMPILER_APPICON_NAME = AppIcon;
				CODE_SIGN_ENTITLEMENTS = "midnight-cat-mac/midnight_cat_mac.entitlements";
				CODE_SIGN_STYLE = Automatic;
				COMBINE_HIDPI_IMAGES = YES;
				DEVELOPMENT_TEAM = XTHK4B78Z7;
				INFOPLIST_FILE = "midnight-cat-mac/Info.plist";
				LD_RUNPATH_SEARCH_PATHS = (
					"$(inherited)",
					"@executable_path/../Frameworks",
				);
				PRODUCT_BUNDLE_IDENTIFIER = "com.silverbear.midnight-cat-mac";
				PRODUCT_NAME = "$(TARGET_NAME)";
				SWIFT_VERSION = 4.2;
			};
			name = Debug;
		};
		DD049E0421C4964C007E2DE6 /* Release */ = {
			isa = XCBuildConfiguration;
			baseConfigurationReference = 4FE61035D19B0F2EFC8607D4 /* Pods-midnight-cat-mac.release.xcconfig */;
			buildSettings = {
				ASSETCATALOG_COMPILER_APPICON_NAME = AppIcon;
				CODE_SIGN_ENTITLEMENTS = "midnight-cat-mac/midnight_cat_mac.entitlements";
				CODE_SIGN_STYLE = Automatic;
				COMBINE_HIDPI_IMAGES = YES;
				DEVELOPMENT_TEAM = XTHK4B78Z7;
				INFOPLIST_FILE = "midnight-cat-mac/Info.plist";
				LD_RUNPATH_SEARCH_PATHS = (
					"$(inherited)",
					"@executable_path/../Frameworks",
				);
				PRODUCT_BUNDLE_IDENTIFIER = "com.silverbear.midnight-cat-mac";
				PRODUCT_NAME = "$(TARGET_NAME)";
				SWIFT_VERSION = 4.2;
			};
			name = Release;
		};
		DD442E4721D4B14F007E4325 /* Debug */ = {
			isa = XCBuildConfiguration;
			buildSettings = {
				BUNDLE_LOADER = "$(TEST_HOST)";
				CODE_SIGN_STYLE = Automatic;
				COMBINE_HIDPI_IMAGES = YES;
				DEVELOPMENT_TEAM = 5FQ33QXJZ3;
				INFOPLIST_FILE = "midnight-cat-macTests/Info.plist";
				LD_RUNPATH_SEARCH_PATHS = (
					"$(inherited)",
					"@executable_path/../Frameworks",
					"@loader_path/../Frameworks",
				);
				PRODUCT_BUNDLE_IDENTIFIER = "com.silverbear.midnight-cat-macTests";
				PRODUCT_NAME = "$(TARGET_NAME)";
				SWIFT_VERSION = 4.2;
				TEST_HOST = "$(BUILT_PRODUCTS_DIR)/midnight-cat-mac.app/Contents/MacOS/midnight-cat-mac";
			};
			name = Debug;
		};
		DD442E4821D4B14F007E4325 /* Release */ = {
			isa = XCBuildConfiguration;
			buildSettings = {
				BUNDLE_LOADER = "$(TEST_HOST)";
				CODE_SIGN_STYLE = Automatic;
				COMBINE_HIDPI_IMAGES = YES;
				DEVELOPMENT_TEAM = 5FQ33QXJZ3;
				INFOPLIST_FILE = "midnight-cat-macTests/Info.plist";
				LD_RUNPATH_SEARCH_PATHS = (
					"$(inherited)",
					"@executable_path/../Frameworks",
					"@loader_path/../Frameworks",
				);
				PRODUCT_BUNDLE_IDENTIFIER = "com.silverbear.midnight-cat-macTests";
				PRODUCT_NAME = "$(TARGET_NAME)";
				SWIFT_VERSION = 4.2;
				TEST_HOST = "$(BUILT_PRODUCTS_DIR)/midnight-cat-mac.app/Contents/MacOS/midnight-cat-mac";
			};
			name = Release;
		};
/* End XCBuildConfiguration section */

/* Begin XCConfigurationList section */
		DD049DED21C4964B007E2DE6 /* Build configuration list for PBXProject "midnight-cat-mac" */ = {
			isa = XCConfigurationList;
			buildConfigurations = (
				DD049E0021C4964C007E2DE6 /* Debug */,
				DD049E0121C4964C007E2DE6 /* Release */,
			);
			defaultConfigurationIsVisible = 0;
			defaultConfigurationName = Release;
		};
		DD049E0221C4964C007E2DE6 /* Build configuration list for PBXNativeTarget "midnight-cat-mac" */ = {
			isa = XCConfigurationList;
			buildConfigurations = (
				DD049E0321C4964C007E2DE6 /* Debug */,
				DD049E0421C4964C007E2DE6 /* Release */,
			);
			defaultConfigurationIsVisible = 0;
			defaultConfigurationName = Release;
		};
		DD442E4621D4B14F007E4325 /* Build configuration list for PBXNativeTarget "midnight-cat-macTests" */ = {
			isa = XCConfigurationList;
			buildConfigurations = (
				DD442E4721D4B14F007E4325 /* Debug */,
				DD442E4821D4B14F007E4325 /* Release */,
			);
			defaultConfigurationIsVisible = 0;
			defaultConfigurationName = Release;
		};
/* End XCConfigurationList section */
	};
	rootObject = DD049DEA21C4964B007E2DE6 /* Project object */;
}
